// !$*UTF8*$!
{
	archiveVersion = 1;
	classes = {
	};
	objectVersion = 46;
	objects = {

/* Begin PBXBuildFile section */
		880133481A1D9AF400900950 /* AppDelegate.swift in Sources */ = {isa = PBXBuildFile; fileRef = 880133471A1D9AF400900950 /* AppDelegate.swift */; };
		8801334A1A1D9AF400900950 /* ViewController.swift in Sources */ = {isa = PBXBuildFile; fileRef = 880133491A1D9AF400900950 /* ViewController.swift */; };
		8801334D1A1D9AF400900950 /* Main.storyboard in Resources */ = {isa = PBXBuildFile; fileRef = 8801334B1A1D9AF400900950 /* Main.storyboard */; };
		8801334F1A1D9AF400900950 /* Images.xcassets in Resources */ = {isa = PBXBuildFile; fileRef = 8801334E1A1D9AF400900950 /* Images.xcassets */; };
		880133521A1D9AF400900950 /* LaunchScreen.xib in Resources */ = {isa = PBXBuildFile; fileRef = 880133501A1D9AF400900950 /* LaunchScreen.xib */; };
		8801335E1A1D9AF500900950 /* fiboAppTests.swift in Sources */ = {isa = PBXBuildFile; fileRef = 8801335D1A1D9AF500900950 /* fiboAppTests.swift */; };
/* End PBXBuildFile section */

/* Begin PBXContainerItemProxy section */
		880133581A1D9AF500900950 /* PBXContainerItemProxy */ = {
			isa = PBXContainerItemProxy;
			containerPortal = 8801333A1A1D9AF400900950 /* Project object */;
			proxyType = 1;
			remoteGlobalIDString = 880133411A1D9AF400900950;
			remoteInfo = fiboApp;
		};
/* End PBXContainerItemProxy section */

/* Begin PBXFileReference section */
		880133421A1D9AF400900950 /* fiboApp.app */ = {isa = PBXFileReference; explicitFileType = wrapper.application; includeInIndex = 0; path = fiboApp.app; sourceTree = BUILT_PRODUCTS_DIR; };
		880133461A1D9AF400900950 /* Info.plist */ = {isa = PBXFileReference; lastKnownFileType = text.plist.xml; path = Info.plist; sourceTree = "<group>"; };
		880133471A1D9AF400900950 /* AppDelegate.swift */ = {isa = PBXFileReference; lastKnownFileType = sourcecode.swift; path = AppDelegate.swift; sourceTree = "<group>"; };
		880133491A1D9AF400900950 /* ViewController.swift */ = {isa = PBXFileReference; lastKnownFileType = sourcecode.swift; path = ViewController.swift; sourceTree = "<group>"; };
		8801334C1A1D9AF400900950 /* Base */ = {isa = PBXFileReference; lastKnownFileType = file.storyboard; name = Base; path = Base.lproj/Main.storyboard; sourceTree = "<group>"; };
		8801334E1A1D9AF400900950 /* Images.xcassets */ = {isa = PBXFileReference; lastKnownFileType = folder.assetcatalog; path = Images.xcassets; sourceTree = "<group>"; };
		880133511A1D9AF400900950 /* Base */ = {isa = PBXFileReference; lastKnownFileType = file.xib; name = Base; path = Base.lproj/LaunchScreen.xib; sourceTree = "<group>"; };
		880133571A1D9AF500900950 /* fiboAppTests.xctest */ = {isa = PBXFileReference; explicitFileType = wrapper.cfbundle; includeInIndex = 0; path = fiboAppTests.xctest; sourceTree = BUILT_PRODUCTS_DIR; };
		8801335C1A1D9AF500900950 /* Info.plist */ = {isa = PBXFileReference; lastKnownFileType = text.plist.xml; path = Info.plist; sourceTree = "<group>"; };
		8801335D1A1D9AF500900950 /* fiboAppTests.swift */ = {isa = PBXFileReference; lastKnownFileType = sourcecode.swift; path = fiboAppTests.swift; sourceTree = "<group>"; };
/* End PBXFileReference section */

/* Begin PBXFrameworksBuildPhase section */
		8801333F1A1D9AF400900950 /* Frameworks */ = {
			isa = PBXFrameworksBuildPhase;
			buildActionMask = 2147483647;
			files = (
			);
			runOnlyForDeploymentPostprocessing = 0;
		};
		880133541A1D9AF500900950 /* Frameworks */ = {
			isa = PBXFrameworksBuildPhase;
			buildActionMask = 2147483647;
			files = (
			);
			runOnlyForDeploymentPostprocessing = 0;
		};
/* End PBXFrameworksBuildPhase section */

/* Begin PBXGroup section */
		880133391A1D9AF400900950 = {
			isa = PBXGroup;
			children = (
				880133441A1D9AF400900950 /* fiboApp */,
				8801335A1A1D9AF500900950 /* fiboAppTests */,
				880133431A1D9AF400900950 /* Products */,
			);
			sourceTree = "<group>";
		};
		880133431A1D9AF400900950 /* Products */ = {
			isa = PBXGroup;
			children = (
				880133421A1D9AF400900950 /* fiboApp.app */,
				880133571A1D9AF500900950 /* fiboAppTests.xctest */,
			);
			name = Products;
			sourceTree = "<group>";
		};
		880133441A1D9AF400900950 /* fiboApp */ = {
			isa = PBXGroup;
			children = (
				880133471A1D9AF400900950 /* AppDelegate.swift */,
				880133491A1D9AF400900950 /* ViewController.swift */,
				8801334B1A1D9AF400900950 /* Main.storyboard */,
				8801334E1A1D9AF400900950 /* Images.xcassets */,
				880133501A1D9AF400900950 /* LaunchScreen.xib */,
				880133451A1D9AF400900950 /* Supporting Files */,
			);
			path = fiboApp;
			sourceTree = "<group>";
		};
		880133451A1D9AF400900950 /* Supporting Files */ = {
			isa = PBXGroup;
			children = (
				880133461A1D9AF400900950 /* Info.plist */,
			);
			name = "Supporting Files";
			sourceTree = "<group>";
		};
		8801335A1A1D9AF500900950 /* fiboAppTests */ = {
			isa = PBXGroup;
			children = (
				8801335D1A1D9AF500900950 /* fiboAppTests.swift */,
				8801335B1A1D9AF500900950 /* Supporting Files */,
			);
			path = fiboAppTests;
			sourceTree = "<group>";
		};
		8801335B1A1D9AF500900950 /* Supporting Files */ = {
			isa = PBXGroup;
			children = (
				8801335C1A1D9AF500900950 /* Info.plist */,
			);
			name = "Supporting Files";
			sourceTree = "<group>";
		};
/* End PBXGroup section */

/* Begin PBXNativeTarget section */
		880133411A1D9AF400900950 /* fiboApp */ = {
			isa = PBXNativeTarget;
			buildConfigurationList = 880133611A1D9AF500900950 /* Build configuration list for PBXNativeTarget "fiboApp" */;
			buildPhases = (
				8801333E1A1D9AF400900950 /* Sources */,
				8801333F1A1D9AF400900950 /* Frameworks */,
				880133401A1D9AF400900950 /* Resources */,
			);
			buildRules = (
			);
			dependencies = (
			);
			name = fiboApp;
			productName = fiboApp;
			productReference = 880133421A1D9AF400900950 /* fiboApp.app */;
			productType = "com.apple.product-type.application";
		};
		880133561A1D9AF500900950 /* fiboAppTests */ = {
			isa = PBXNativeTarget;
			buildConfigurationList = 880133641A1D9AF500900950 /* Build configuration list for PBXNativeTarget "fiboAppTests" */;
			buildPhases = (
				880133531A1D9AF500900950 /* Sources */,
				880133541A1D9AF500900950 /* Frameworks */,
				880133551A1D9AF500900950 /* Resources */,
			);
			buildRules = (
			);
			dependencies = (
				880133591A1D9AF500900950 /* PBXTargetDependency */,
			);
			name = fiboAppTests;
			productName = fiboAppTests;
			productReference = 880133571A1D9AF500900950 /* fiboAppTests.xctest */;
			productType = "com.apple.product-type.bundle.unit-test";
		};
/* End PBXNativeTarget section */

/* Begin PBXProject section */
		8801333A1A1D9AF400900950 /* Project object */ = {
			isa = PBXProject;
			attributes = {
				LastUpgradeCheck = 0610;
				ORGANIZATIONNAME = "Louis Konig";
				TargetAttributes = {
					880133411A1D9AF400900950 = {
						CreatedOnToolsVersion = 6.1;
					};
					880133561A1D9AF500900950 = {
						CreatedOnToolsVersion = 6.1;
						TestTargetID = 880133411A1D9AF400900950;
					};
				};
			};
			buildConfigurationList = 8801333D1A1D9AF400900950 /* Build configuration list for PBXProject "fiboApp" */;
			compatibilityVersion = "Xcode 3.2";
			developmentRegion = English;
			hasScannedForEncodings = 0;
			knownRegions = (
				en,
				Base,
			);
			mainGroup = 880133391A1D9AF400900950;
			productRefGroup = 880133431A1D9AF400900950 /* Products */;
			projectDirPath = "";
			projectRoot = "";
			targets = (
				880133411A1D9AF400900950 /* fiboApp */,
				880133561A1D9AF500900950 /* fiboAppTests */,
			);
		};
/* End PBXProject section */

/* Begin PBXResourcesBuildPhase section */
		880133401A1D9AF400900950 /* Resources */ = {
			isa = PBXResourcesBuildPhase;
			buildActionMask = 2147483647;
			files = (
				8801334D1A1D9AF400900950 /* Main.storyboard in Resources */,
				880133521A1D9AF400900950 /* LaunchScreen.xib in Resources */,
				8801334F1A1D9AF400900950 /* Images.xcassets in Resources */,
			);
			runOnlyForDeploymentPostprocessing = 0;
		};
		880133551A1D9AF500900950 /* Resources */ = {
			isa = PBXResourcesBuildPhase;
			buildActionMask = 2147483647;
			files = (
			);
			runOnlyForDeploymentPostprocessing = 0;
		};
/* End PBXResourcesBuildPhase section */

/* Begin PBXSourcesBuildPhase section */
		8801333E1A1D9AF400900950 /* Sources */ = {
			isa = PBXSourcesBuildPhase;
			buildActionMask = 2147483647;
			files = (
				8801334A1A1D9AF400900950 /* ViewController.swift in Sources */,
				880133481A1D9AF400900950 /* AppDelegate.swift in Sources */,
			);
			runOnlyForDeploymentPostprocessing = 0;
		};
		880133531A1D9AF500900950 /* Sources */ = {
			isa = PBXSourcesBuildPhase;
			buildActionMask = 2147483647;
			files = (
				8801335E1A1D9AF500900950 /* fiboAppTests.swift in Sources */,
			);
			runOnlyForDeploymentPostprocessing = 0;
		};
/* End PBXSourcesBuildPhase section */

/* Begin PBXTargetDependency section */
		880133591A1D9AF500900950 /* PBXTargetDependency */ = {
			isa = PBXTargetDependency;
			target = 880133411A1D9AF400900950 /* fiboApp */;
			targetProxy = 880133581A1D9AF500900950 /* PBXContainerItemProxy */;
		};
/* End PBXTargetDependency section */

/* Begin PBXVariantGroup section */
		8801334B1A1D9AF400900950 /* Main.storyboard */ = {
			isa = PBXVariantGroup;
			children = (
				8801334C1A1D9AF400900950 /* Base */,
			);
			name = Main.storyboard;
			sourceTree = "<group>";
		};
		880133501A1D9AF400900950 /* LaunchScreen.xib */ = {
			isa = PBXVariantGroup;
			children = (
				880133511A1D9AF400900950 /* Base */,
			);
			name = LaunchScreen.xib;
			sourceTree = "<group>";
		};
/* End PBXVariantGroup section */

/* Begin XCBuildConfiguration section */
		8801335F1A1D9AF500900950 /* Debug */ = {
			isa = XCBuildConfiguration;
			buildSettings = {
				ALWAYS_SEARCH_USER_PATHS = NO;
				CLANG_CXX_LANGUAGE_STANDARD = "gnu++0x";
				CLANG_CXX_LIBRARY = "libc++";
				CLANG_ENABLE_MODULES = YES;
				CLANG_ENABLE_OBJC_ARC = YES;
				CLANG_WARN_BOOL_CONVERSION = YES;
				CLANG_WARN_CONSTANT_CONVERSION = YES;
				CLANG_WARN_DIRECT_OBJC_ISA_USAGE = YES_ERROR;
				CLANG_WARN_EMPTY_BODY = YES;
				CLANG_WARN_ENUM_CONVERSION = YES;
				CLANG_WARN_INT_CONVERSION = YES;
				CLANG_WARN_OBJC_ROOT_CLASS = YES_ERROR;
				CLANG_WARN_UNREACHABLE_CODE = YES;
				CLANG_WARN__DUPLICATE_METHOD_MATCH = YES;
				"CODE_SIGN_IDENTITY[sdk=iphoneos*]" = "iPhone Developer";
				COPY_PHASE_STRIP = NO;
				ENABLE_STRICT_OBJC_MSGSEND = YES;
				GCC_C_LANGUAGE_STANDARD = gnu99;
				GCC_DYNAMIC_NO_PIC = NO;
				GCC_OPTIMIZATION_LEVEL = 0;
				GCC_PREPROCESSOR_DEFINITIONS = (
					"DEBUG=1",
					"$(inherited)",
				);
				GCC_SYMBOLS_PRIVATE_EXTERN = NO;
				GCC_WARN_64_TO_32_BIT_CONVERSION = YES;
				GCC_WARN_ABOUT_RETURN_TYPE = YES_ERROR;
				GCC_WARN_UNDECLARED_SELECTOR = YES;
				GCC_WARN_UNINITIALIZED_AUTOS = YES_AGGRESSIVE;
				GCC_WARN_UNUSED_FUNCTION = YES;
				GCC_WARN_UNUSED_VARIABLE = YES;
				IPHONEOS_DEPLOYMENT_TARGET = 8.1;
				MTL_ENABLE_DEBUG_INFO = YES;
				ONLY_ACTIVE_ARCH = YES;
				SDKROOT = iphoneos;
				SWIFT_OPTIMIZATION_LEVEL = "-Onone";
			};
			name = Debug;
		};
		880133601A1D9AF500900950 /* Release */ = {
			isa = XCBuildConfiguration;
			buildSettings = {
				ALWAYS_SEARCH_USER_PATHS = NO;
				CLANG_CXX_LANGUAGE_STANDARD = "gnu++0x";
				CLANG_CXX_LIBRARY = "libc++";
				CLANG_ENABLE_MODULES = YES;
				CLANG_ENABLE_OBJC_ARC = YES;
				CLANG_WARN_BOOL_CONVERSION = YES;
				CLANG_WARN_CONSTANT_CONVERSION = YES;
				CLANG_WARN_DIRECT_OBJC_ISA_USAGE = YES_ERROR;
				CLANG_WARN_EMPTY_BODY = YES;
				CLANG_WARN_ENUM_CONVERSION = YES;
				CLANG_WARN_INT_CONVERSION = YES;
				CLANG_WARN_OBJC_ROOT_CLASS = YES_ERROR;
				CLANG_WARN_UNREACHABLE_CODE = YES;
				CLANG_WARN__DUPLICATE_METHOD_MATCH = YES;
				"CODE_SIGN_IDENTITY[sdk=iphoneos*]" = "iPhone Developer";
				COPY_PHASE_STRIP = YES;
				ENABLE_NS_ASSERTIONS = NO;
				ENABLE_STRICT_OBJC_MSGSEND = YES;
				GCC_C_LANGUAGE_STANDARD = gnu99;
				GCC_WARN_64_TO_32_BIT_CONVERSION = YES;
				GCC_WARN_ABOUT_RETURN_TYPE = YES_ERROR;
				GCC_WARN_UNDECLARED_SELECTOR = YES;
				GCC_WARN_UNINITIALIZED_AUTOS = YES_AGGRESSIVE;
				GCC_WARN_UNUSED_FUNCTION = YES;
				GCC_WARN_UNUSED_VARIABLE = YES;
				IPHONEOS_DEPLOYMENT_TARGET = 8.1;
				MTL_ENABLE_DEBUG_INFO = NO;
				SDKROOT = iphoneos;
				VALIDATE_PRODUCT = YES;
			};
			name = Release;
		};
		880133621A1D9AF500900950 /* Debug */ = {
			isa = XCBuildConfiguration;
			buildSettings = {
				ASSETCATALOG_COMPILER_APPICON_NAME = AppIcon;
				INFOPLIST_FILE = fiboApp/Info.plist;
				LD_RUNPATH_SEARCH_PATHS = "$(inherited) @executable_path/Frameworks";
				PRODUCT_NAME = "$(TARGET_NAME)";
			};
			name = Debug;
		};
		880133631A1D9AF500900950 /* Release */ = {
			isa = XCBuildConfiguration;
			buildSettings = {
				ASSETCATALOG_COMPILER_APPICON_NAME = AppIcon;
				INFOPLIST_FILE = fiboApp/Info.plist;
				LD_RUNPATH_SEARCH_PATHS = "$(inherited) @executable_path/Frameworks";
				PRODUCT_NAME = "$(TARGET_NAME)";
			};
			name = Release;
		};
		880133651A1D9AF500900950 /* Debug */ = {
			isa = XCBuildConfiguration;
			buildSettings = {
				BUNDLE_LOADER = "$(TEST_HOST)";
				FRAMEWORK_SEARCH_PATHS = (
					"$(SDKROOT)/Developer/Library/Frameworks",
					"$(inherited)",
				);
				GCC_PREPROCESSOR_DEFINITIONS = (
					"DEBUG=1",
					"$(inherited)",
				);
				INFOPLIST_FILE = fiboAppTests/Info.plist;
				LD_RUNPATH_SEARCH_PATHS = "$(inherited) @executable_path/Frameworks @loader_path/Frameworks";
				PRODUCT_NAME = "$(TARGET_NAME)";
				TEST_HOST = "$(BUILT_PRODUCTS_DIR)/fiboApp.app/fiboApp";
			};
			name = Debug;
		};
		880133661A1D9AF500900950 /* Release */ = {
			isa = XCBuildConfiguration;
			buildSettings = {
				BUNDLE_LOADER = "$(TEST_HOST)";
				FRAMEWORK_SEARCH_PATHS = (
					"$(SDKROOT)/Developer/Library/Frameworks",
					"$(inherited)",
				);
				INFOPLIST_FILE = fiboAppTests/Info.plist;
				LD_RUNPATH_SEARCH_PATHS = "$(inherited) @executable_path/Frameworks @loader_path/Frameworks";
				PRODUCT_NAME = "$(TARGET_NAME)";
				TEST_HOST = "$(BUILT_PRODUCTS_DIR)/fiboApp.app/fiboApp";
			};
			name = Release;
		};
/* End XCBuildConfiguration section */

/* Begin XCConfigurationList section */
		8801333D1A1D9AF400900950 /* Build configuration list for PBXProject "fiboApp" */ = {
			isa = XCConfigurationList;
			buildConfigurations = (
				8801335F1A1D9AF500900950 /* Debug */,
				880133601A1D9AF500900950 /* Release */,
			);
			defaultConfigurationIsVisible = 0;
			defaultConfigurationName = Release;
		};
		880133611A1D9AF500900950 /* Build configuration list for PBXNativeTarget "fiboApp" */ = {
			isa = XCConfigurationList;
			buildConfigurations = (
				880133621A1D9AF500900950 /* Debug */,
				880133631A1D9AF500900950 /* Release */,
			);
			defaultConfigurationIsVisible = 0;
		};
		880133641A1D9AF500900950 /* Build configuration list for PBXNativeTarget "fiboAppTests" */ = {
			isa = XCConfigurationList;
			buildConfigurations = (
				880133651A1D9AF500900950 /* Debug */,
				880133661A1D9AF500900950 /* Release */,
			);
			defaultConfigurationIsVisible = 0;
		};
/* End XCConfigurationList section */
	};
	rootObject = 8801333A1A1D9AF400900950 /* Project object */;
}
